
Microsoft Visual Studio Solution File, Format Version 12.00
# Visual Studio Version 16
VisualStudioVersion = 16.0.30011.22
MinimumVisualStudioVersion = 10.0.40219.1
Project("{FAE04EC0-301F-11D3-BF4B-00C04F79EFBC}") = "SystemMonitoring", "SystemMonitoring\SystemMonitoring.csproj", "{C5588552-2F5E-4332-86BC-FD1EFB633233}"
EndProject
Global
	GlobalSection(SolutionConfigurationPlatforms) = preSolution
		Debug|Any CPU = Debug|Any CPU
		Release|Any CPU = Release|Any CPU
	EndGlobalSection
	GlobalSection(ProjectConfigurationPlatforms) = postSolution
		{C5588552-2F5E-4332-86BC-FD1EFB633233}.Debug|Any CPU.ActiveCfg = Debug|Any CPU
		{C5588552-2F5E-4332-86BC-FD1EFB633233}.Debug|Any CPU.Build.0 = Debug|Any CPU
		{C5588552-2F5E-4332-86BC-FD1EFB633233}.Release|Any CPU.ActiveCfg = Release|Any CPU
		{C5588552-2F5E-4332-86BC-FD1EFB633233}.Release|Any CPU.Build.0 = Release|Any CPU
	EndGlobalSection
	GlobalSection(SolutionProperties) = preSolution
		HideSolutionNode = FALSE
	EndGlobalSection
	GlobalSection(ExtensibilityGlobals) = postSolution
		SolutionGuid = {0D899D44-E53F-4DA7-829D-05D9604BAB92}
	EndGlobalSection
EndGlobal
